// !$*UTF8*$!
{
	archiveVersion = 1;
	classes = {
	};
	objectVersion = 56;
	objects = {

/* Begin PBXBuildFile section */
		93CFF23F2B2B91D200BA7D7C /* BlocishApp.swift in Sources */ = {isa = PBXBuildFile; fileRef = 93CFF23E2B2B91D200BA7D7C /* BlocishApp.swift */; };
		93CFF2412B2B91D200BA7D7C /* ContentView.swift in Sources */ = {isa = PBXBuildFile; fileRef = 93CFF2402B2B91D200BA7D7C /* ContentView.swift */; };
		93CFF2432B2B91D300BA7D7C /* Assets.xcassets in Resources */ = {isa = PBXBuildFile; fileRef = 93CFF2422B2B91D300BA7D7C /* Assets.xcassets */; };
		93CFF2462B2B91D300BA7D7C /* Preview Assets.xcassets in Resources */ = {isa = PBXBuildFile; fileRef = 93CFF2452B2B91D300BA7D7C /* Preview Assets.xcassets */; };
		93CFF2502B2B91D400BA7D7C /* BlocishTests.swift in Sources */ = {isa = PBXBuildFile; fileRef = 93CFF24F2B2B91D400BA7D7C /* BlocishTests.swift */; };
		93CFF25A2B2B91D400BA7D7C /* BlocishUITests.swift in Sources */ = {isa = PBXBuildFile; fileRef = 93CFF2592B2B91D400BA7D7C /* BlocishUITests.swift */; };
		93CFF25C2B2B91D400BA7D7C /* BlocishUITestsLaunchTests.swift in Sources */ = {isa = PBXBuildFile; fileRef = 93CFF25B2B2B91D400BA7D7C /* BlocishUITestsLaunchTests.swift */; };
/* End PBXBuildFile section */

/* Begin PBXContainerItemProxy section */
		93CFF24C2B2B91D400BA7D7C /* PBXContainerItemProxy */ = {
			isa = PBXContainerItemProxy;
			containerPortal = 93CFF2332B2B91D200BA7D7C /* Project object */;
			proxyType = 1;
			remoteGlobalIDString = 93CFF23A2B2B91D200BA7D7C;
			remoteInfo = Blocish;
		};
		93CFF2562B2B91D400BA7D7C /* PBXContainerItemProxy */ = {
			isa = PBXContainerItemProxy;
			containerPortal = 93CFF2332B2B91D200BA7D7C /* Project object */;
			proxyType = 1;
			remoteGlobalIDString = 93CFF23A2B2B91D200BA7D7C;
			remoteInfo = Blocish;
		};
/* End PBXContainerItemProxy section */

/* Begin PBXFileReference section */
		93CFF23B2B2B91D200BA7D7C /* Blocish.app */ = {isa = PBXFileReference; explicitFileType = wrapper.application; includeInIndex = 0; path = Blocish.app; sourceTree = BUILT_PRODUCTS_DIR; };
		93CFF23E2B2B91D200BA7D7C /* BlocishApp.swift */ = {isa = PBXFileReference; lastKnownFileType = sourcecode.swift; path = BlocishApp.swift; sourceTree = "<group>"; };
		93CFF2402B2B91D200BA7D7C /* ContentView.swift */ = {isa = PBXFileReference; lastKnownFileType = sourcecode.swift; path = ContentView.swift; sourceTree = "<group>"; };
		93CFF2422B2B91D300BA7D7C /* Assets.xcassets */ = {isa = PBXFileReference; lastKnownFileType = folder.assetcatalog; path = Assets.xcassets; sourceTree = "<group>"; };
		93CFF2452B2B91D300BA7D7C /* Preview Assets.xcassets */ = {isa = PBXFileReference; lastKnownFileType = folder.assetcatalog; path = "Preview Assets.xcassets"; sourceTree = "<group>"; };
		93CFF24B2B2B91D400BA7D7C /* BlocishTests.xctest */ = {isa = PBXFileReference; explicitFileType = wrapper.cfbundle; includeInIndex = 0; path = BlocishTests.xctest; sourceTree = BUILT_PRODUCTS_DIR; };
		93CFF24F2B2B91D400BA7D7C /* BlocishTests.swift */ = {isa = PBXFileReference; lastKnownFileType = sourcecode.swift; path = BlocishTests.swift; sourceTree = "<group>"; };
		93CFF2552B2B91D400BA7D7C /* BlocishUITests.xctest */ = {isa = PBXFileReference; explicitFileType = wrapper.cfbundle; includeInIndex = 0; path = BlocishUITests.xctest; sourceTree = BUILT_PRODUCTS_DIR; };
		93CFF2592B2B91D400BA7D7C /* BlocishUITests.swift */ = {isa = PBXFileReference; lastKnownFileType = sourcecode.swift; path = BlocishUITests.swift; sourceTree = "<group>"; };
		93CFF25B2B2B91D400BA7D7C /* BlocishUITestsLaunchTests.swift */ = {isa = PBXFileReference; lastKnownFileType = sourcecode.swift; path = BlocishUITestsLaunchTests.swift; sourceTree = "<group>"; };
/* End PBXFileReference section */

/* Begin PBXFrameworksBuildPhase section */
		93CFF2382B2B91D200BA7D7C /* Frameworks */ = {
			isa = PBXFrameworksBuildPhase;
			buildActionMask = 2147483647;
			files = (
			);
			runOnlyForDeploymentPostprocessing = 0;
		};
		93CFF2482B2B91D400BA7D7C /* Frameworks */ = {
			isa = PBXFrameworksBuildPhase;
			buildActionMask = 2147483647;
			files = (
			);
			runOnlyForDeploymentPostprocessing = 0;
		};
		93CFF2522B2B91D400BA7D7C /* Frameworks */ = {
			isa = PBXFrameworksBuildPhase;
			buildActionMask = 2147483647;
			files = (
			);
			runOnlyForDeploymentPostprocessing = 0;
		};
/* End PBXFrameworksBuildPhase section */

/* Begin PBXGroup section */
		93CFF2322B2B91D200BA7D7C = {
			isa = PBXGroup;
			children = (
				93CFF23D2B2B91D200BA7D7C /* Blocish */,
				93CFF24E2B2B91D400BA7D7C /* BlocishTests */,
				93CFF2582B2B91D400BA7D7C /* BlocishUITests */,
				93CFF23C2B2B91D200BA7D7C /* Products */,
			);
			sourceTree = "<group>";
		};
		93CFF23C2B2B91D200BA7D7C /* Products */ = {
			isa = PBXGroup;
			children = (
				93CFF23B2B2B91D200BA7D7C /* Blocish.app */,
				93CFF24B2B2B91D400BA7D7C /* BlocishTests.xctest */,
				93CFF2552B2B91D400BA7D7C /* BlocishUITests.xctest */,
			);
			name = Products;
			sourceTree = "<group>";
		};
		93CFF23D2B2B91D200BA7D7C /* Blocish */ = {
			isa = PBXGroup;
			children = (
				93CFF23E2B2B91D200BA7D7C /* BlocishApp.swift */,
				93CFF2402B2B91D200BA7D7C /* ContentView.swift */,
				93CFF2422B2B91D300BA7D7C /* Assets.xcassets */,
				93CFF2442B2B91D300BA7D7C /* Preview Content */,
			);
			path = Blocish;
			sourceTree = "<group>";
		};
		93CFF2442B2B91D300BA7D7C /* Preview Content */ = {
			isa = PBXGroup;
			children = (
				93CFF2452B2B91D300BA7D7C /* Preview Assets.xcassets */,
			);
			path = "Preview Content";
			sourceTree = "<group>";
		};
		93CFF24E2B2B91D400BA7D7C /* BlocishTests */ = {
			isa = PBXGroup;
			children = (
				93CFF24F2B2B91D400BA7D7C /* BlocishTests.swift */,
			);
			path = BlocishTests;
			sourceTree = "<group>";
		};
		93CFF2582B2B91D400BA7D7C /* BlocishUITests */ = {
			isa = PBXGroup;
			children = (
				93CFF2592B2B91D400BA7D7C /* BlocishUITests.swift */,
				93CFF25B2B2B91D400BA7D7C /* BlocishUITestsLaunchTests.swift */,
			);
			path = BlocishUITests;
			sourceTree = "<group>";
		};
/* End PBXGroup section */

/* Begin PBXNativeTarget section */
		93CFF23A2B2B91D200BA7D7C /* Blocish */ = {
			isa = PBXNativeTarget;
			buildConfigurationList = 93CFF25F2B2B91D400BA7D7C /* Build configuration list for PBXNativeTarget "Blocish" */;
			buildPhases = (
				93CFF2372B2B91D200BA7D7C /* Sources */,
				93CFF2382B2B91D200BA7D7C /* Frameworks */,
				93CFF2392B2B91D200BA7D7C /* Resources */,
			);
			buildRules = (
			);
			dependencies = (
			);
			name = Blocish;
			productName = Blocish;
			productReference = 93CFF23B2B2B91D200BA7D7C /* Blocish.app */;
			productType = "com.apple.product-type.application";
		};
		93CFF24A2B2B91D400BA7D7C /* BlocishTests */ = {
			isa = PBXNativeTarget;
			buildConfigurationList = 93CFF2622B2B91D400BA7D7C /* Build configuration list for PBXNativeTarget "BlocishTests" */;
			buildPhases = (
				93CFF2472B2B91D400BA7D7C /* Sources */,
				93CFF2482B2B91D400BA7D7C /* Frameworks */,
				93CFF2492B2B91D400BA7D7C /* Resources */,
			);
			buildRules = (
			);
			dependencies = (
				93CFF24D2B2B91D400BA7D7C /* PBXTargetDependency */,
			);
			name = BlocishTests;
			productName = BlocishTests;
			productReference = 93CFF24B2B2B91D400BA7D7C /* BlocishTests.xctest */;
			productType = "com.apple.product-type.bundle.unit-test";
		};
		93CFF2542B2B91D400BA7D7C /* BlocishUITests */ = {
			isa = PBXNativeTarget;
			buildConfigurationList = 93CFF2652B2B91D400BA7D7C /* Build configuration list for PBXNativeTarget "BlocishUITests" */;
			buildPhases = (
				93CFF2512B2B91D400BA7D7C /* Sources */,
				93CFF2522B2B91D400BA7D7C /* Frameworks */,
				93CFF2532B2B91D400BA7D7C /* Resources */,
			);
			buildRules = (
			);
			dependencies = (
				93CFF2572B2B91D400BA7D7C /* PBXTargetDependency */,
			);
			name = BlocishUITests;
			productName = BlocishUITests;
			productReference = 93CFF2552B2B91D400BA7D7C /* BlocishUITests.xctest */;
			productType = "com.apple.product-type.bundle.ui-testing";
		};
/* End PBXNativeTarget section */

/* Begin PBXProject section */
		93CFF2332B2B91D200BA7D7C /* Project object */ = {
			isa = PBXProject;
			attributes = {
				BuildIndependentTargetsInParallel = 1;
				LastSwiftUpdateCheck = 1500;
				LastUpgradeCheck = 1500;
				TargetAttributes = {
					93CFF23A2B2B91D200BA7D7C = {
						CreatedOnToolsVersion = 15.0.1;
					};
					93CFF24A2B2B91D400BA7D7C = {
						CreatedOnToolsVersion = 15.0.1;
						TestTargetID = 93CFF23A2B2B91D200BA7D7C;
					};
					93CFF2542B2B91D400BA7D7C = {
						CreatedOnToolsVersion = 15.0.1;
						TestTargetID = 93CFF23A2B2B91D200BA7D7C;
					};
				};
			};
			buildConfigurationList = 93CFF2362B2B91D200BA7D7C /* Build configuration list for PBXProject "Blocish" */;
			compatibilityVersion = "Xcode 14.0";
			developmentRegion = en;
			hasScannedForEncodings = 0;
			knownRegions = (
				en,
				Base,
			);
			mainGroup = 93CFF2322B2B91D200BA7D7C;
			productRefGroup = 93CFF23C2B2B91D200BA7D7C /* Products */;
			projectDirPath = "";
			projectRoot = "";
			targets = (
				93CFF23A2B2B91D200BA7D7C /* Blocish */,
				93CFF24A2B2B91D400BA7D7C /* BlocishTests */,
				93CFF2542B2B91D400BA7D7C /* BlocishUITests */,
			);
		};
/* End PBXProject section */

/* Begin PBXResourcesBuildPhase section */
		93CFF2392B2B91D200BA7D7C /* Resources */ = {
			isa = PBXResourcesBuildPhase;
			buildActionMask = 2147483647;
			files = (
				93CFF2462B2B91D300BA7D7C /* Preview Assets.xcassets in Resources */,
				93CFF2432B2B91D300BA7D7C /* Assets.xcassets in Resources */,
			);
			runOnlyForDeploymentPostprocessing = 0;
		};
		93CFF2492B2B91D400BA7D7C /* Resources */ = {
			isa = PBXResourcesBuildPhase;
			buildActionMask = 2147483647;
			files = (
			);
			runOnlyForDeploymentPostprocessing = 0;
		};
		93CFF2532B2B91D400BA7D7C /* Resources */ = {
			isa = PBXResourcesBuildPhase;
			buildActionMask = 2147483647;
			files = (
			);
			runOnlyForDeploymentPostprocessing = 0;
		};
/* End PBXResourcesBuildPhase section */

/* Begin PBXSourcesBuildPhase section */
		93CFF2372B2B91D200BA7D7C /* Sources */ = {
			isa = PBXSourcesBuildPhase;
			buildActionMask = 2147483647;
			files = (
				93CFF2412B2B91D200BA7D7C /* ContentView.swift in Sources */,
				93CFF23F2B2B91D200BA7D7C /* BlocishApp.swift in Sources */,
			);
			runOnlyForDeploymentPostprocessing = 0;
		};
		93CFF2472B2B91D400BA7D7C /* Sources */ = {
			isa = PBXSourcesBuildPhase;
			buildActionMask = 2147483647;
			files = (
				93CFF2502B2B91D400BA7D7C /* BlocishTests.swift in Sources */,
			);
			runOnlyForDeploymentPostprocessing = 0;
		};
		93CFF2512B2B91D400BA7D7C /* Sources */ = {
			isa = PBXSourcesBuildPhase;
			buildActionMask = 2147483647;
			files = (
				93CFF25A2B2B91D400BA7D7C /* BlocishUITests.swift in Sources */,
				93CFF25C2B2B91D400BA7D7C /* BlocishUITestsLaunchTests.swift in Sources */,
			);
			runOnlyForDeploymentPostprocessing = 0;
		};
/* End PBXSourcesBuildPhase section */

/* Begin PBXTargetDependency section */
		93CFF24D2B2B91D400BA7D7C /* PBXTargetDependency */ = {
			isa = PBXTargetDependency;
			target = 93CFF23A2B2B91D200BA7D7C /* Blocish */;
			targetProxy = 93CFF24C2B2B91D400BA7D7C /* PBXContainerItemProxy */;
		};
		93CFF2572B2B91D400BA7D7C /* PBXTargetDependency */ = {
			isa = PBXTargetDependency;
			target = 93CFF23A2B2B91D200BA7D7C /* Blocish */;
			targetProxy = 93CFF2562B2B91D400BA7D7C /* PBXContainerItemProxy */;
		};
/* End PBXTargetDependency section */

/* Begin XCBuildConfiguration section */
		93CFF25D2B2B91D400BA7D7C /* Debug */ = {
			isa = XCBuildConfiguration;
			buildSettings = {
				ALWAYS_SEARCH_USER_PATHS = NO;
				ASSETCATALOG_COMPILER_GENERATE_SWIFT_ASSET_SYMBOL_EXTENSIONS = YES;
				CLANG_ANALYZER_NONNULL = YES;
				CLANG_ANALYZER_NUMBER_OBJECT_CONVERSION = YES_AGGRESSIVE;
				CLANG_CXX_LANGUAGE_STANDARD = "gnu++20";
				CLANG_ENABLE_MODULES = YES;
				CLANG_ENABLE_OBJC_ARC = YES;
				CLANG_ENABLE_OBJC_WEAK = YES;
				CLANG_WARN_BLOCK_CAPTURE_AUTORELEASING = YES;
				CLANG_WARN_BOOL_CONVERSION = YES;
				CLANG_WARN_COMMA = YES;
				CLANG_WARN_CONSTANT_CONVERSION = YES;
				CLANG_WARN_DEPRECATED_OBJC_IMPLEMENTATIONS = YES;
				CLANG_WARN_DIRECT_OBJC_ISA_USAGE = YES_ERROR;
				CLANG_WARN_DOCUMENTATION_COMMENTS = YES;
				CLANG_WARN_EMPTY_BODY = YES;
				CLANG_WARN_ENUM_CONVERSION = YES;
				CLANG_WARN_INFINITE_RECURSION = YES;
				CLANG_WARN_INT_CONVERSION = YES;
				CLANG_WARN_NON_LITERAL_NULL_CONVERSION = YES;
				CLANG_WARN_OBJC_IMPLICIT_RETAIN_SELF = YES;
				CLANG_WARN_OBJC_LITERAL_CONVERSION = YES;
				CLANG_WARN_OBJC_ROOT_CLASS = YES_ERROR;
				CLANG_WARN_QUOTED_INCLUDE_IN_FRAMEWORK_HEADER = YES;
				CLANG_WARN_RANGE_LOOP_ANALYSIS = YES;
				CLANG_WARN_STRICT_PROTOTYPES = YES;
				CLANG_WARN_SUSPICIOUS_MOVE = YES;
				CLANG_WARN_UNGUARDED_AVAILABILITY = YES_AGGRESSIVE;
				CLANG_WARN_UNREACHABLE_CODE = YES;
				CLANG_WARN__DUPLICATE_METHOD_MATCH = YES;
				COPY_PHASE_STRIP = NO;
				DEBUG_INFORMATION_FORMAT = dwarf;
				ENABLE_STRICT_OBJC_MSGSEND = YES;
				ENABLE_TESTABILITY = YES;
				ENABLE_USER_SCRIPT_SANDBOXING = YES;
				GCC_C_LANGUAGE_STANDARD = gnu17;
				GCC_DYNAMIC_NO_PIC = NO;
				GCC_NO_COMMON_BLOCKS = YES;
				GCC_OPTIMIZATION_LEVEL = 0;
				GCC_PREPROCESSOR_DEFINITIONS = (
					"DEBUG=1",
					"$(inherited)",
				);
				GCC_WARN_64_TO_32_BIT_CONVERSION = YES;
				GCC_WARN_ABOUT_RETURN_TYPE = YES_ERROR;
				GCC_WARN_UNDECLARED_SELECTOR = YES;
				GCC_WARN_UNINITIALIZED_AUTOS = YES_AGGRESSIVE;
				GCC_WARN_UNUSED_FUNCTION = YES;
				GCC_WARN_UNUSED_VARIABLE = YES;
				IPHONEOS_DEPLOYMENT_TARGET = 17.0;
				LOCALIZATION_PREFERS_STRING_CATALOGS = YES;
				MTL_ENABLE_DEBUG_INFO = INCLUDE_SOURCE;
				MTL_FAST_MATH = YES;
				ONLY_ACTIVE_ARCH = YES;
				SDKROOT = iphoneos;
				SWIFT_ACTIVE_COMPILATION_CONDITIONS = "DEBUG $(inherited)";
				SWIFT_OPTIMIZATION_LEVEL = "-Onone";
			};
			name = Debug;
		};
		93CFF25E2B2B91D400BA7D7C /* Release */ = {
			isa = XCBuildConfiguration;
			buildSettings = {
				ALWAYS_SEARCH_USER_PATHS = NO;
				ASSETCATALOG_COMPILER_GENERATE_SWIFT_ASSET_SYMBOL_EXTENSIONS = YES;
				CLANG_ANALYZER_NONNULL = YES;
				CLANG_ANALYZER_NUMBER_OBJECT_CONVERSION = YES_AGGRESSIVE;
				CLANG_CXX_LANGUAGE_STANDARD = "gnu++20";
				CLANG_ENABLE_MODULES = YES;
				CLANG_ENABLE_OBJC_ARC = YES;
				CLANG_ENABLE_OBJC_WEAK = YES;
				CLANG_WARN_BLOCK_CAPTURE_AUTORELEASING = YES;
				CLANG_WARN_BOOL_CONVERSION = YES;
				CLANG_WARN_COMMA = YES;
				CLANG_WARN_CONSTANT_CONVERSION = YES;
				CLANG_WARN_DEPRECATED_OBJC_IMPLEMENTATIONS = YES;
				CLANG_WARN_DIRECT_OBJC_ISA_USAGE = YES_ERROR;
				CLANG_WARN_DOCUMENTATION_COMMENTS = YES;
				CLANG_WARN_EMPTY_BODY = YES;
				CLANG_WARN_ENUM_CONVERSION = YES;
				CLANG_WARN_INFINITE_RECURSION = YES;
				CLANG_WARN_INT_CONVERSION = YES;
				CLANG_WARN_NON_LITERAL_NULL_CONVERSION = YES;
				CLANG_WARN_OBJC_IMPLICIT_RETAIN_SELF = YES;
				CLANG_WARN_OBJC_LITERAL_CONVERSION = YES;
				CLANG_WARN_OBJC_ROOT_CLASS = YES_ERROR;
				CLANG_WARN_QUOTED_INCLUDE_IN_FRAMEWORK_HEADER = YES;
				CLANG_WARN_RANGE_LOOP_ANALYSIS = YES;
				CLANG_WARN_STRICT_PROTOTYPES = YES;
				CLANG_WARN_SUSPICIOUS_MOVE = YES;
				CLANG_WARN_UNGUARDED_AVAILABILITY = YES_AGGRESSIVE;
				CLANG_WARN_UNREACHABLE_CODE = YES;
				CLANG_WARN__DUPLICATE_METHOD_MATCH = YES;
				COPY_PHASE_STRIP = NO;
				DEBUG_INFORMATION_FORMAT = "dwarf-with-dsym";
				ENABLE_NS_ASSERTIONS = NO;
				ENABLE_STRICT_OBJC_MSGSEND = YES;
				ENABLE_USER_SCRIPT_SANDBOXING = YES;
				GCC_C_LANGUAGE_STANDARD = gnu17;
				GCC_NO_COMMON_BLOCKS = YES;
				GCC_WARN_64_TO_32_BIT_CONVERSION = YES;
				GCC_WARN_ABOUT_RETURN_TYPE = YES_ERROR;
				GCC_WARN_UNDECLARED_SELECTOR = YES;
				GCC_WARN_UNINITIALIZED_AUTOS = YES_AGGRESSIVE;
				GCC_WARN_UNUSED_FUNCTION = YES;
				GCC_WARN_UNUSED_VARIABLE = YES;
				IPHONEOS_DEPLOYMENT_TARGET = 17.0;
				LOCALIZATION_PREFERS_STRING_CATALOGS = YES;
				MTL_ENABLE_DEBUG_INFO = NO;
				MTL_FAST_MATH = YES;
				SDKROOT = iphoneos;
				SWIFT_COMPILATION_MODE = wholemodule;
				VALIDATE_PRODUCT = YES;
			};
			name = Release;
		};
		93CFF2602B2B91D400BA7D7C /* Debug */ = {
			isa = XCBuildConfiguration;
			buildSettings = {
				ASSETCATALOG_COMPILER_APPICON_NAME = AppIcon;
				ASSETCATALOG_COMPILER_GLOBAL_ACCENT_COLOR_NAME = AccentColor;
				CODE_SIGN_STYLE = Automatic;
				CURRENT_PROJECT_VERSION = 1;
				DEVELOPMENT_ASSET_PATHS = "\"Blocish/Preview Content\"";
				DEVELOPMENT_TEAM = 86UV5WS879;
				ENABLE_PREVIEWS = YES;
				GENERATE_INFOPLIST_FILE = YES;
				INFOPLIST_KEY_UIApplicationSceneManifest_Generation = YES;
				INFOPLIST_KEY_UIApplicationSupportsIndirectInputEvents = YES;
				INFOPLIST_KEY_UILaunchScreen_Generation = YES;
				INFOPLIST_KEY_UISupportedInterfaceOrientations_iPad = "UIInterfaceOrientationPortrait UIInterfaceOrientationPortraitUpsideDown UIInterfaceOrientationLandscapeLeft UIInterfaceOrientationLandscapeRight";
				INFOPLIST_KEY_UISupportedInterfaceOrientations_iPhone = "UIInterfaceOrientationPortrait UIInterfaceOrientationLandscapeLeft UIInterfaceOrientationLandscapeRight";
				LD_RUNPATH_SEARCH_PATHS = (
					"$(inherited)",
					"@executable_path/Frameworks",
				);
				MARKETING_VERSION = 1.0;
				PRODUCT_BUNDLE_IDENTIFIER = com.bartcone.Blocish;
				PRODUCT_NAME = "$(TARGET_NAME)";
				SWIFT_EMIT_LOC_STRINGS = YES;
				SWIFT_VERSION = 5.0;
				TARGETED_DEVICE_FAMILY = "1,2";
			};
			name = Debug;
		};
		93CFF2612B2B91D400BA7D7C /* Release */ = {
			isa = XCBuildConfiguration;
			buildSettings = {
				ASSETCATALOG_COMPILER_APPICON_NAME = AppIcon;
				ASSETCATALOG_COMPILER_GLOBAL_ACCENT_COLOR_NAME = AccentColor;
				CODE_SIGN_STYLE = Automatic;
				CURRENT_PROJECT_VERSION = 1;
				DEVELOPMENT_ASSET_PATHS = "\"Blocish/Preview Content\"";
				DEVELOPMENT_TEAM = 86UV5WS879;
				ENABLE_PREVIEWS = YES;
				GENERATE_INFOPLIST_FILE = YES;
				INFOPLIST_KEY_UIApplicationSceneManifest_Generation = YES;
				INFOPLIST_KEY_UIApplicationSupportsIndirectInputEvents = YES;
				INFOPLIST_KEY_UILaunchScreen_Generation = YES;
				INFOPLIST_KEY_UISupportedInterfaceOrientations_iPad = "UIInterfaceOrientationPortrait UIInterfaceOrientationPortraitUpsideDown UIInterfaceOrientationLandscapeLeft UIInterfaceOrientationLandscapeRight";
				INFOPLIST_KEY_UISupportedInterfaceOrientations_iPhone = "UIInterfaceOrientationPortrait UIInterfaceOrientationLandscapeLeft UIInterfaceOrientationLandscapeRight";
				LD_RUNPATH_SEARCH_PATHS = (
					"$(inherited)",
					"@executable_path/Frameworks",
				);
				MARKETING_VERSION = 1.0;
				PRODUCT_BUNDLE_IDENTIFIER = com.bartcone.Blocish;
				PRODUCT_NAME = "$(TARGET_NAME)";
				SWIFT_EMIT_LOC_STRINGS = YES;
				SWIFT_VERSION = 5.0;
				TARGETED_DEVICE_FAMILY = "1,2";
			};
			name = Release;
		};
		93CFF2632B2B91D400BA7D7C /* Debug */ = {
			isa = XCBuildConfiguration;
			buildSettings = {
				ALWAYS_EMBED_SWIFT_STANDARD_LIBRARIES = YES;
				BUNDLE_LOADER = "$(TEST_HOST)";
				CODE_SIGN_STYLE = Automatic;
				CURRENT_PROJECT_VERSION = 1;
				DEVELOPMENT_TEAM = 86UV5WS879;
				GENERATE_INFOPLIST_FILE = YES;
				IPHONEOS_DEPLOYMENT_TARGET = 17.0;
				MARKETING_VERSION = 1.0;
				PRODUCT_BUNDLE_IDENTIFIER = com.bartcone.BlocishTests;
				PRODUCT_NAME = "$(TARGET_NAME)";
				SWIFT_EMIT_LOC_STRINGS = NO;
				SWIFT_VERSION = 5.0;
				TARGETED_DEVICE_FAMILY = "1,2";
				TEST_HOST = "$(BUILT_PRODUCTS_DIR)/Blocish.app/$(BUNDLE_EXECUTABLE_FOLDER_PATH)/Blocish";
			};
			name = Debug;
		};
		93CFF2642B2B91D400BA7D7C /* Release */ = {
			isa = XCBuildConfiguration;
			buildSettings = {
				ALWAYS_EMBED_SWIFT_STANDARD_LIBRARIES = YES;
				BUNDLE_LOADER = "$(TEST_HOST)";
				CODE_SIGN_STYLE = Automatic;
				CURRENT_PROJECT_VERSION = 1;
				DEVELOPMENT_TEAM = 86UV5WS879;
				GENERATE_INFOPLIST_FILE = YES;
				IPHONEOS_DEPLOYMENT_TARGET = 17.0;
				MARKETING_VERSION = 1.0;
				PRODUCT_BUNDLE_IDENTIFIER = com.bartcone.BlocishTests;
				PRODUCT_NAME = "$(TARGET_NAME)";
				SWIFT_EMIT_LOC_STRINGS = NO;
				SWIFT_VERSION = 5.0;
				TARGETED_DEVICE_FAMILY = "1,2";
				TEST_HOST = "$(BUILT_PRODUCTS_DIR)/Blocish.app/$(BUNDLE_EXECUTABLE_FOLDER_PATH)/Blocish";
			};
			name = Release;
		};
		93CFF2662B2B91D400BA7D7C /* Debug */ = {
			isa = XCBuildConfiguration;
			buildSettings = {
				ALWAYS_EMBED_SWIFT_STANDARD_LIBRARIES = YES;
				CODE_SIGN_STYLE = Automatic;
				CURRENT_PROJECT_VERSION = 1;
				DEVELOPMENT_TEAM = 86UV5WS879;
				GENERATE_INFOPLIST_FILE = YES;
				MARKETING_VERSION = 1.0;
				PRODUCT_BUNDLE_IDENTIFIER = com.bartcone.BlocishUITests;
				PRODUCT_NAME = "$(TARGET_NAME)";
				SWIFT_EMIT_LOC_STRINGS = NO;
				SWIFT_VERSION = 5.0;
				TARGETED_DEVICE_FAMILY = "1,2";
				TEST_TARGET_NAME = Blocish;
			};
			name = Debug;
		};
		93CFF2672B2B91D400BA7D7C /* Release */ = {
			isa = XCBuildConfiguration;
			buildSettings = {
				ALWAYS_EMBED_SWIFT_STANDARD_LIBRARIES = YES;
				CODE_SIGN_STYLE = Automatic;
				CURRENT_PROJECT_VERSION = 1;
				DEVELOPMENT_TEAM = 86UV5WS879;
				GENERATE_INFOPLIST_FILE = YES;
				MARKETING_VERSION = 1.0;
				PRODUCT_BUNDLE_IDENTIFIER = com.bartcone.BlocishUITests;
				PRODUCT_NAME = "$(TARGET_NAME)";
				SWIFT_EMIT_LOC_STRINGS = NO;
				SWIFT_VERSION = 5.0;
				TARGETED_DEVICE_FAMILY = "1,2";
				TEST_TARGET_NAME = Blocish;
			};
			name = Release;
		};
/* End XCBuildConfiguration section */

/* Begin XCConfigurationList section */
		93CFF2362B2B91D200BA7D7C /* Build configuration list for PBXProject "Blocish" */ = {
			isa = XCConfigurationList;
			buildConfigurations = (
				93CFF25D2B2B91D400BA7D7C /* Debug */,
				93CFF25E2B2B91D400BA7D7C /* Release */,
			);
			defaultConfigurationIsVisible = 0;
			defaultConfigurationName = Release;
		};
		93CFF25F2B2B91D400BA7D7C /* Build configuration list for PBXNativeTarget "Blocish" */ = {
			isa = XCConfigurationList;
			buildConfigurations = (
				93CFF2602B2B91D400BA7D7C /* Debug */,
				93CFF2612B2B91D400BA7D7C /* Release */,
			);
			defaultConfigurationIsVisible = 0;
			defaultConfigurationName = Release;
		};
		93CFF2622B2B91D400BA7D7C /* Build configuration list for PBXNativeTarget "BlocishTests" */ = {
			isa = XCConfigurationList;
			buildConfigurations = (
				93CFF2632B2B91D400BA7D7C /* Debug */,
				93CFF2642B2B91D400BA7D7C /* Release */,
			);
			defaultConfigurationIsVisible = 0;
			defaultConfigurationName = Release;
		};
		93CFF2652B2B91D400BA7D7C /* Build configuration list for PBXNativeTarget "BlocishUITests" */ = {
			isa = XCConfigurationList;
			buildConfigurations = (
				93CFF2662B2B91D400BA7D7C /* Debug */,
				93CFF2672B2B91D400BA7D7C /* Release */,
			);
			defaultConfigurationIsVisible = 0;
			defaultConfigurationName = Release;
		};
/* End XCConfigurationList section */
	};
	rootObject = 93CFF2332B2B91D200BA7D7C /* Project object */;
}
